
Microsoft Visual Studio Solution File, Format Version 12.00
# Visual Studio Version 16
VisualStudioVersion = 16.0.29806.167
MinimumVisualStudioVersion = 10.0.40219.1
Project("{FAE04EC0-301F-11D3-BF4B-00C04F79EFBC}") = "FinalTask", "FinalTask\FinalTask.csproj", "{EB3DAA08-2258-4149-A60D-AAAB99236F95}"
EndProject
Project("{FAE04EC0-301F-11D3-BF4B-00C04F79EFBC}") = "Entities", "Entities\Entities.csproj", "{57FA8C00-CEB2-4449-A2BD-5DA5212A10E1}"
EndProject
Project("{FAE04EC0-301F-11D3-BF4B-00C04F79EFBC}") = "FinalTask.DAL", "DAL\FinalTask.DAL.csproj", "{FBBE23A9-19E5-4FA6-8596-38F5CF2C78D0}"
EndProject
Project("{FAE04EC0-301F-11D3-BF4B-00C04F79EFBC}") = "FinalTask.DAL.Interfaces", "DAL.Interfaces\FinalTask.DAL.Interfaces.csproj", "{EEBAE535-D4BE-4B20-9539-2B0689D79D5A}"
EndProject
Project("{2150E333-8FDC-42A3-9474-1A3956D46DE8}") = "DAL", "DAL", "{0089B90E-0A60-48FD-8ED3-ECB6901F818D}"
EndProject
Project("{2150E333-8FDC-42A3-9474-1A3956D46DE8}") = "Common", "Common", "{89A12ED5-0C39-4BBA-80AE-938953A616FA}"
EndProject
Project("{2150E333-8FDC-42A3-9474-1A3956D46DE8}") = "PL", "PL", "{7071845E-47D6-4DEB-AF0C-E324064F4C86}"
EndProject
Project("{FAE04EC0-301F-11D3-BF4B-00C04F79EFBC}") = "FinalTask.BLL", "FinalTask.BLL\FinalTask.BLL.csproj", "{8287619F-4062-4403-BBAF-1BB3FDBC5D99}"
EndProject
Project("{FAE04EC0-301F-11D3-BF4B-00C04F79EFBC}") = "FinalTask.BLL.Interfaces", "FinalTask.BLL.Interfaces\FinalTask.BLL.Interfaces.csproj", "{3CF9A760-400E-4170-AD68-7E9C8151B3EA}"
EndProject
Project("{2150E333-8FDC-42A3-9474-1A3956D46DE8}") = "BLL", "BLL", "{7E452D7E-10B9-440D-A973-EEC6D1AD0639}"
EndProject
Project("{FAE04EC0-301F-11D3-BF4B-00C04F79EFBC}") = "Users.Ioc", "Users.Ioc\Users.Ioc.csproj", "{359A8E91-BED0-4708-B609-1601F145A6E3}"
EndProject
Global
	GlobalSection(SolutionConfigurationPlatforms) = preSolution
		Debug|Any CPU = Debug|Any CPU
		Release|Any CPU = Release|Any CPU
	EndGlobalSection
	GlobalSection(ProjectConfigurationPlatforms) = postSolution
		{EB3DAA08-2258-4149-A60D-AAAB99236F95}.Debug|Any CPU.ActiveCfg = Debug|Any CPU
		{EB3DAA08-2258-4149-A60D-AAAB99236F95}.Debug|Any CPU.Build.0 = Debug|Any CPU
		{EB3DAA08-2258-4149-A60D-AAAB99236F95}.Release|Any CPU.ActiveCfg = Release|Any CPU
		{EB3DAA08-2258-4149-A60D-AAAB99236F95}.Release|Any CPU.Build.0 = Release|Any CPU
		{57FA8C00-CEB2-4449-A2BD-5DA5212A10E1}.Debug|Any CPU.ActiveCfg = Debug|Any CPU
		{57FA8C00-CEB2-4449-A2BD-5DA5212A10E1}.Debug|Any CPU.Build.0 = Debug|Any CPU
		{57FA8C00-CEB2-4449-A2BD-5DA5212A10E1}.Release|Any CPU.ActiveCfg = Release|Any CPU
		{57FA8C00-CEB2-4449-A2BD-5DA5212A10E1}.Release|Any CPU.Build.0 = Release|Any CPU
		{FBBE23A9-19E5-4FA6-8596-38F5CF2C78D0}.Debug|Any CPU.ActiveCfg = Debug|Any CPU
		{FBBE23A9-19E5-4FA6-8596-38F5CF2C78D0}.Debug|Any CPU.Build.0 = Debug|Any CPU
		{FBBE23A9-19E5-4FA6-8596-38F5CF2C78D0}.Release|Any CPU.ActiveCfg = Release|Any CPU
		{FBBE23A9-19E5-4FA6-8596-38F5CF2C78D0}.Release|Any CPU.Build.0 = Release|Any CPU
		{EEBAE535-D4BE-4B20-9539-2B0689D79D5A}.Debug|Any CPU.ActiveCfg = Debug|Any CPU
		{EEBAE535-D4BE-4B20-9539-2B0689D79D5A}.Debug|Any CPU.Build.0 = Debug|Any CPU
		{EEBAE535-D4BE-4B20-9539-2B0689D79D5A}.Release|Any CPU.ActiveCfg = Release|Any CPU
		{EEBAE535-D4BE-4B20-9539-2B0689D79D5A}.Release|Any CPU.Build.0 = Release|Any CPU
		{8287619F-4062-4403-BBAF-1BB3FDBC5D99}.Debug|Any CPU.ActiveCfg = Debug|Any CPU
		{8287619F-4062-4403-BBAF-1BB3FDBC5D99}.Debug|Any CPU.Build.0 = Debug|Any CPU
		{8287619F-4062-4403-BBAF-1BB3FDBC5D99}.Release|Any CPU.ActiveCfg = Release|Any CPU
		{8287619F-4062-4403-BBAF-1BB3FDBC5D99}.Release|Any CPU.Build.0 = Release|Any CPU
		{3CF9A760-400E-4170-AD68-7E9C8151B3EA}.Debug|Any CPU.ActiveCfg = Debug|Any CPU
		{3CF9A760-400E-4170-AD68-7E9C8151B3EA}.Debug|Any CPU.Build.0 = Debug|Any CPU
		{3CF9A760-400E-4170-AD68-7E9C8151B3EA}.Release|Any CPU.ActiveCfg = Release|Any CPU
		{3CF9A760-400E-4170-AD68-7E9C8151B3EA}.Release|Any CPU.Build.0 = Release|Any CPU
		{359A8E91-BED0-4708-B609-1601F145A6E3}.Debug|Any CPU.ActiveCfg = Debug|Any CPU
		{359A8E91-BED0-4708-B609-1601F145A6E3}.Debug|Any CPU.Build.0 = Debug|Any CPU
		{359A8E91-BED0-4708-B609-1601F145A6E3}.Release|Any CPU.ActiveCfg = Release|Any CPU
		{359A8E91-BED0-4708-B609-1601F145A6E3}.Release|Any CPU.Build.0 = Release|Any CPU
	EndGlobalSection
	GlobalSection(SolutionProperties) = preSolution
		HideSolutionNode = FALSE
	EndGlobalSection
	GlobalSection(NestedProjects) = preSolution
		{EB3DAA08-2258-4149-A60D-AAAB99236F95} = {7071845E-47D6-4DEB-AF0C-E324064F4C86}
		{57FA8C00-CEB2-4449-A2BD-5DA5212A10E1} = {89A12ED5-0C39-4BBA-80AE-938953A616FA}
		{FBBE23A9-19E5-4FA6-8596-38F5CF2C78D0} = {0089B90E-0A60-48FD-8ED3-ECB6901F818D}
		{EEBAE535-D4BE-4B20-9539-2B0689D79D5A} = {0089B90E-0A60-48FD-8ED3-ECB6901F818D}
		{8287619F-4062-4403-BBAF-1BB3FDBC5D99} = {7E452D7E-10B9-440D-A973-EEC6D1AD0639}
		{3CF9A760-400E-4170-AD68-7E9C8151B3EA} = {7E452D7E-10B9-440D-A973-EEC6D1AD0639}
		{359A8E91-BED0-4708-B609-1601F145A6E3} = {89A12ED5-0C39-4BBA-80AE-938953A616FA}
	EndGlobalSection
	GlobalSection(ExtensibilityGlobals) = postSolution
		SolutionGuid = {F5CC6221-9E68-4A85-B5F1-834D75DFC832}
	EndGlobalSection
EndGlobal
